// !$*UTF8*$!
{
	archiveVersion = 1;
	classes = {
	};
	objectVersion = 52;
	objects = {

/* Begin PBXBuildFile section */
		630F35F2265BD2DF00E89676 /* AppDelegate.swift in Sources */ = {isa = PBXBuildFile; fileRef = 630F35F1265BD2DF00E89676 /* AppDelegate.swift */; };
		630F35F4265BD2DF00E89676 /* SceneDelegate.swift in Sources */ = {isa = PBXBuildFile; fileRef = 630F35F3265BD2DF00E89676 /* SceneDelegate.swift */; };
		630F35F6265BD2DF00E89676 /* ViewController.swift in Sources */ = {isa = PBXBuildFile; fileRef = 630F35F5265BD2DF00E89676 /* ViewController.swift */; };
		630F35FB265BD2E000E89676 /* Assets.xcassets in Resources */ = {isa = PBXBuildFile; fileRef = 630F35FA265BD2E000E89676 /* Assets.xcassets */; };
		630F35FE265BD2E000E89676 /* LaunchScreen.storyboard in Resources */ = {isa = PBXBuildFile; fileRef = 630F35FC265BD2E000E89676 /* LaunchScreen.storyboard */; };
		6324AFCC265FE5AB0087D09B /* MapSelectionOverlayView.swift in Sources */ = {isa = PBXBuildFile; fileRef = 6324AFCB265FE5AB0087D09B /* MapSelectionOverlayView.swift */; };
		6386FA2E265BDD52002A933C /* YandexMaps in Frameworks */ = {isa = PBXBuildFile; productRef = 6386FA2D265BDD52002A933C /* YandexMaps */; };
/* End PBXBuildFile section */

/* Begin PBXFileReference section */
		630F35EE265BD2DF00E89676 /* YMKTest2.app */ = {isa = PBXFileReference; explicitFileType = wrapper.application; includeInIndex = 0; path = YMKTest2.app; sourceTree = BUILT_PRODUCTS_DIR; };
		630F35F1265BD2DF00E89676 /* AppDelegate.swift */ = {isa = PBXFileReference; lastKnownFileType = sourcecode.swift; path = AppDelegate.swift; sourceTree = "<group>"; };
		630F35F3265BD2DF00E89676 /* SceneDelegate.swift */ = {isa = PBXFileReference; lastKnownFileType = sourcecode.swift; path = SceneDelegate.swift; sourceTree = "<group>"; };
		630F35F5265BD2DF00E89676 /* ViewController.swift */ = {isa = PBXFileReference; lastKnownFileType = sourcecode.swift; path = ViewController.swift; sourceTree = "<group>"; };
		630F35FA265BD2E000E89676 /* Assets.xcassets */ = {isa = PBXFileReference; lastKnownFileType = folder.assetcatalog; path = Assets.xcassets; sourceTree = "<group>"; };
		630F35FD265BD2E000E89676 /* Base */ = {isa = PBXFileReference; lastKnownFileType = file.storyboard; name = Base; path = Base.lproj/LaunchScreen.storyboard; sourceTree = "<group>"; };
		630F35FF265BD2E000E89676 /* Info.plist */ = {isa = PBXFileReference; lastKnownFileType = text.plist.xml; path = Info.plist; sourceTree = "<group>"; };
		6324AFCB265FE5AB0087D09B /* MapSelectionOverlayView.swift */ = {isa = PBXFileReference; lastKnownFileType = sourcecode.swift; path = MapSelectionOverlayView.swift; sourceTree = "<group>"; };
		6386FA30265BDF17002A933C /* CoreTelephony.framework */ = {isa = PBXFileReference; lastKnownFileType = wrapper.framework; name = CoreTelephony.framework; path = System/Library/Frameworks/CoreTelephony.framework; sourceTree = SDKROOT; };
		6386FA32265BEABE002A933C /* SystemConfiguration.framework */ = {isa = PBXFileReference; lastKnownFileType = wrapper.framework; name = SystemConfiguration.framework; path = System/Library/Frameworks/SystemConfiguration.framework; sourceTree = SDKROOT; };
		6386FA34265BEB10002A933C /* CoreLocation.framework */ = {isa = PBXFileReference; lastKnownFileType = wrapper.framework; name = CoreLocation.framework; path = System/Library/Frameworks/CoreLocation.framework; sourceTree = SDKROOT; };
/* End PBXFileReference section */

/* Begin PBXFrameworksBuildPhase section */
		630F35EB265BD2DF00E89676 /* Frameworks */ = {
			isa = PBXFrameworksBuildPhase;
			buildActionMask = 2147483647;
			files = (
				6386FA2E265BDD52002A933C /* YandexMaps in Frameworks */,
			);
			runOnlyForDeploymentPostprocessing = 0;
		};
/* End PBXFrameworksBuildPhase section */

/* Begin PBXGroup section */
		630F35E5265BD2DF00E89676 = {
			isa = PBXGroup;
			children = (
				630F35F0265BD2DF00E89676 /* YMKTest2 */,
				630F35EF265BD2DF00E89676 /* Products */,
				630F3609265BD41300E89676 /* Frameworks */,
			);
			sourceTree = "<group>";
		};
		630F35EF265BD2DF00E89676 /* Products */ = {
			isa = PBXGroup;
			children = (
				630F35EE265BD2DF00E89676 /* YMKTest2.app */,
			);
			name = Products;
			sourceTree = "<group>";
		};
		630F35F0265BD2DF00E89676 /* YMKTest2 */ = {
			isa = PBXGroup;
			children = (
				63D658E5265D237E002D8297 /* MapSelection */,
				630F35F1265BD2DF00E89676 /* AppDelegate.swift */,
				630F35F3265BD2DF00E89676 /* SceneDelegate.swift */,
				630F35F5265BD2DF00E89676 /* ViewController.swift */,
				630F35FA265BD2E000E89676 /* Assets.xcassets */,
				630F35FC265BD2E000E89676 /* LaunchScreen.storyboard */,
				630F35FF265BD2E000E89676 /* Info.plist */,
			);
			path = YMKTest2;
			sourceTree = "<group>";
		};
		630F3609265BD41300E89676 /* Frameworks */ = {
			isa = PBXGroup;
			children = (
				6386FA34265BEB10002A933C /* CoreLocation.framework */,
				6386FA32265BEABE002A933C /* SystemConfiguration.framework */,
				6386FA30265BDF17002A933C /* CoreTelephony.framework */,
			);
			name = Frameworks;
			sourceTree = "<group>";
		};
		63D658E5265D237E002D8297 /* MapSelection */ = {
			isa = PBXGroup;
			children = (
				6324AFCB265FE5AB0087D09B /* MapSelectionOverlayView.swift */,
			);
			path = MapSelection;
			sourceTree = "<group>";
		};
/* End PBXGroup section */

/* Begin PBXNativeTarget section */
		630F35ED265BD2DF00E89676 /* YMKTest2 */ = {
			isa = PBXNativeTarget;
			buildConfigurationList = 630F3602265BD2E000E89676 /* Build configuration list for PBXNativeTarget "YMKTest2" */;
			buildPhases = (
				630F35EA265BD2DF00E89676 /* Sources */,
				630F35EB265BD2DF00E89676 /* Frameworks */,
				630F35EC265BD2DF00E89676 /* Resources */,
				6386FA2F265BDDE1002A933C /* CodeSign */,
			);
			buildRules = (
			);
			dependencies = (
			);
			name = YMKTest2;
			packageProductDependencies = (
				6386FA2D265BDD52002A933C /* YandexMaps */,
			);
			productName = YMKTest2;
			productReference = 630F35EE265BD2DF00E89676 /* YMKTest2.app */;
			productType = "com.apple.product-type.application";
		};
/* End PBXNativeTarget section */

/* Begin PBXProject section */
		630F35E6265BD2DF00E89676 /* Project object */ = {
			isa = PBXProject;
			attributes = {
				LastSwiftUpdateCheck = 1210;
				LastUpgradeCheck = 1210;
				TargetAttributes = {
					630F35ED265BD2DF00E89676 = {
						CreatedOnToolsVersion = 12.1;
					};
				};
			};
			buildConfigurationList = 630F35E9265BD2DF00E89676 /* Build configuration list for PBXProject "YMKTest2" */;
			compatibilityVersion = "Xcode 9.3";
			developmentRegion = en;
			hasScannedForEncodings = 0;
			knownRegions = (
				en,
				Base,
			);
			mainGroup = 630F35E5265BD2DF00E89676;
			productRefGroup = 630F35EF265BD2DF00E89676 /* Products */;
			projectDirPath = "";
			projectRoot = "";
			targets = (
				630F35ED265BD2DF00E89676 /* YMKTest2 */,
			);
		};
/* End PBXProject section */

/* Begin PBXResourcesBuildPhase section */
		630F35EC265BD2DF00E89676 /* Resources */ = {
			isa = PBXResourcesBuildPhase;
			buildActionMask = 2147483647;
			files = (
				630F35FE265BD2E000E89676 /* LaunchScreen.storyboard in Resources */,
				630F35FB265BD2E000E89676 /* Assets.xcassets in Resources */,
			);
			runOnlyForDeploymentPostprocessing = 0;
		};
/* End PBXResourcesBuildPhase section */

/* Begin PBXShellScriptBuildPhase section */
		6386FA2F265BDDE1002A933C /* CodeSign */ = {
			isa = PBXShellScriptBuildPhase;
			buildActionMask = 2147483647;
			files = (
			);
			inputFileListPaths = (
			);
			inputPaths = (
			);
			name = CodeSign;
			outputFileListPaths = (
			);
			outputPaths = (
			);
			runOnlyForDeploymentPostprocessing = 0;
			shellPath = /bin/sh;
			shellScript = "# https://forums.swift.org/t/swiftpm-binarytarget-dependency-and-code-signing/38953\nfind \"${CODESIGNING_FOLDER_PATH}\" -name '*.framework' -print0 | while read -d $'\\0' framework \ndo \n    codesign --force --deep --sign \"${EXPANDED_CODE_SIGN_IDENTITY}\" --preserve-metadata=identifier,entitlements --timestamp=none \"${framework}\" \ndone\n";
		};
/* End PBXShellScriptBuildPhase section */

/* Begin PBXSourcesBuildPhase section */
		630F35EA265BD2DF00E89676 /* Sources */ = {
			isa = PBXSourcesBuildPhase;
			buildActionMask = 2147483647;
			files = (
				630F35F6265BD2DF00E89676 /* ViewController.swift in Sources */,
				630F35F2265BD2DF00E89676 /* AppDelegate.swift in Sources */,
				6324AFCC265FE5AB0087D09B /* MapSelectionOverlayView.swift in Sources */,
				630F35F4265BD2DF00E89676 /* SceneDelegate.swift in Sources */,
			);
			runOnlyForDeploymentPostprocessing = 0;
		};
/* End PBXSourcesBuildPhase section */

/* Begin PBXVariantGroup section */
		630F35FC265BD2E000E89676 /* LaunchScreen.storyboard */ = {
			isa = PBXVariantGroup;
			children = (
				630F35FD265BD2E000E89676 /* Base */,
			);
			name = LaunchScreen.storyboard;
			sourceTree = "<group>";
		};
/* End PBXVariantGroup section */

/* Begin XCBuildConfiguration section */
		630F3600265BD2E000E89676 /* Debug */ = {
			isa = XCBuildConfiguration;
			buildSettings = {
				ALWAYS_SEARCH_USER_PATHS = NO;
				CLANG_ANALYZER_NONNULL = YES;
				CLANG_ANALYZER_NUMBER_OBJECT_CONVERSION = YES_AGGRESSIVE;
				CLANG_CXX_LANGUAGE_STANDARD = "gnu++14";
				CLANG_CXX_LIBRARY = "libc++";
				CLANG_ENABLE_MODULES = YES;
				CLANG_ENABLE_OBJC_ARC = YES;
				CLANG_ENABLE_OBJC_WEAK = YES;
				CLANG_WARN_BLOCK_CAPTURE_AUTORELEASING = YES;
				CLANG_WARN_BOOL_CONVERSION = YES;
				CLANG_WARN_COMMA = YES;
				CLANG_WARN_CONSTANT_CONVERSION = YES;
				CLANG_WARN_DEPRECATED_OBJC_IMPLEMENTATIONS = YES;
				CLANG_WARN_DIRECT_OBJC_ISA_USAGE = YES_ERROR;
				CLANG_WARN_DOCUMENTATION_COMMENTS = YES;
				CLANG_WARN_EMPTY_BODY = YES;
				CLANG_WARN_ENUM_CONVERSION = YES;
				CLANG_WARN_INFINITE_RECURSION = YES;
				CLANG_WARN_INT_CONVERSION = YES;
				CLANG_WARN_NON_LITERAL_NULL_CONVERSION = YES;
				CLANG_WARN_OBJC_IMPLICIT_RETAIN_SELF = YES;
				CLANG_WARN_OBJC_LITERAL_CONVERSION = YES;
				CLANG_WARN_OBJC_ROOT_CLASS = YES_ERROR;
				CLANG_WARN_QUOTED_INCLUDE_IN_FRAMEWORK_HEADER = YES;
				CLANG_WARN_RANGE_LOOP_ANALYSIS = YES;
				CLANG_WARN_STRICT_PROTOTYPES = YES;
				CLANG_WARN_SUSPICIOUS_MOVE = YES;
				CLANG_WARN_UNGUARDED_AVAILABILITY = YES_AGGRESSIVE;
				CLANG_WARN_UNREACHABLE_CODE = YES;
				CLANG_WARN__DUPLICATE_METHOD_MATCH = YES;
				COPY_PHASE_STRIP = NO;
				DEBUG_INFORMATION_FORMAT = dwarf;
				ENABLE_STRICT_OBJC_MSGSEND = YES;
				ENABLE_TESTABILITY = YES;
				GCC_C_LANGUAGE_STANDARD = gnu11;
				GCC_DYNAMIC_NO_PIC = NO;
				GCC_NO_COMMON_BLOCKS = YES;
				GCC_OPTIMIZATION_LEVEL = 0;
				GCC_PREPROCESSOR_DEFINITIONS = (
					"DEBUG=1",
					"$(inherited)",
				);
				GCC_WARN_64_TO_32_BIT_CONVERSION = YES;
				GCC_WARN_ABOUT_RETURN_TYPE = YES_ERROR;
				GCC_WARN_UNDECLARED_SELECTOR = YES;
				GCC_WARN_UNINITIALIZED_AUTOS = YES_AGGRESSIVE;
				GCC_WARN_UNUSED_FUNCTION = YES;
				GCC_WARN_UNUSED_VARIABLE = YES;
				IPHONEOS_DEPLOYMENT_TARGET = 14.1;
				MTL_ENABLE_DEBUG_INFO = INCLUDE_SOURCE;
				MTL_FAST_MATH = YES;
				ONLY_ACTIVE_ARCH = YES;
				SDKROOT = iphoneos;
				SWIFT_ACTIVE_COMPILATION_CONDITIONS = DEBUG;
				SWIFT_OPTIMIZATION_LEVEL = "-Onone";
			};
			name = Debug;
		};
		630F3601265BD2E000E89676 /* Release */ = {
			isa = XCBuildConfiguration;
			buildSettings = {
				ALWAYS_SEARCH_USER_PATHS = NO;
				CLANG_ANALYZER_NONNULL = YES;
				CLANG_ANALYZER_NUMBER_OBJECT_CONVERSION = YES_AGGRESSIVE;
				CLANG_CXX_LANGUAGE_STANDARD = "gnu++14";
				CLANG_CXX_LIBRARY = "libc++";
				CLANG_ENABLE_MODULES = YES;
				CLANG_ENABLE_OBJC_ARC = YES;
				CLANG_ENABLE_OBJC_WEAK = YES;
				CLANG_WARN_BLOCK_CAPTURE_AUTORELEASING = YES;
				CLANG_WARN_BOOL_CONVERSION = YES;
				CLANG_WARN_COMMA = YES;
				CLANG_WARN_CONSTANT_CONVERSION = YES;
				CLANG_WARN_DEPRECATED_OBJC_IMPLEMENTATIONS = YES;
				CLANG_WARN_DIRECT_OBJC_ISA_USAGE = YES_ERROR;
				CLANG_WARN_DOCUMENTATION_COMMENTS = YES;
				CLANG_WARN_EMPTY_BODY = YES;
				CLANG_WARN_ENUM_CONVERSION = YES;
				CLANG_WARN_INFINITE_RECURSION = YES;
				CLANG_WARN_INT_CONVERSION = YES;
				CLANG_WARN_NON_LITERAL_NULL_CONVERSION = YES;
				CLANG_WARN_OBJC_IMPLICIT_RETAIN_SELF = YES;
				CLANG_WARN_OBJC_LITERAL_CONVERSION = YES;
				CLANG_WARN_OBJC_ROOT_CLASS = YES_ERROR;
				CLANG_WARN_QUOTED_INCLUDE_IN_FRAMEWORK_HEADER = YES;
				CLANG_WARN_RANGE_LOOP_ANALYSIS = YES;
				CLANG_WARN_STRICT_PROTOTYPES = YES;
				CLANG_WARN_SUSPICIOUS_MOVE = YES;
				CLANG_WARN_UNGUARDED_AVAILABILITY = YES_AGGRESSIVE;
				CLANG_WARN_UNREACHABLE_CODE = YES;
				CLANG_WARN__DUPLICATE_METHOD_MATCH = YES;
				COPY_PHASE_STRIP = NO;
				DEBUG_INFORMATION_FORMAT = "dwarf-with-dsym";
				ENABLE_NS_ASSERTIONS = NO;
				ENABLE_STRICT_OBJC_MSGSEND = YES;
				GCC_C_LANGUAGE_STANDARD = gnu11;
				GCC_NO_COMMON_BLOCKS = YES;
				GCC_WARN_64_TO_32_BIT_CONVERSION = YES;
				GCC_WARN_ABOUT_RETURN_TYPE = YES_ERROR;
				GCC_WARN_UNDECLARED_SELECTOR = YES;
				GCC_WARN_UNINITIALIZED_AUTOS = YES_AGGRESSIVE;
				GCC_WARN_UNUSED_FUNCTION = YES;
				GCC_WARN_UNUSED_VARIABLE = YES;
				IPHONEOS_DEPLOYMENT_TARGET = 14.1;
				MTL_ENABLE_DEBUG_INFO = NO;
				MTL_FAST_MATH = YES;
				SDKROOT = iphoneos;
				SWIFT_COMPILATION_MODE = wholemodule;
				SWIFT_OPTIMIZATION_LEVEL = "-O";
				VALIDATE_PRODUCT = YES;
			};
			name = Release;
		};
		630F3603265BD2E000E89676 /* Debug */ = {
			isa = XCBuildConfiguration;
			buildSettings = {
				ASSETCATALOG_COMPILER_APPICON_NAME = AppIcon;
				ASSETCATALOG_COMPILER_GLOBAL_ACCENT_COLOR_NAME = AccentColor;
				CODE_SIGN_STYLE = Manual;
				DEVELOPMENT_TEAM = "";
				INFOPLIST_FILE = YMKTest2/Info.plist;
				LD_RUNPATH_SEARCH_PATHS = (
					"$(inherited)",
					"@executable_path/Frameworks",
				);
				OTHER_LDFLAGS = (
					"-ObjC",
					"-lsqlite3.0",
				);
				PRODUCT_BUNDLE_IDENTIFIER = ru.m2.squaremeter;
				PRODUCT_NAME = "$(TARGET_NAME)";
				PROVISIONING_PROFILE_SPECIFIER = "";
				SWIFT_VERSION = 5.0;
				TARGETED_DEVICE_FAMILY = "1,2";
			};
			name = Debug;
		};
		630F3604265BD2E000E89676 /* Release */ = {
			isa = XCBuildConfiguration;
			buildSettings = {
				ASSETCATALOG_COMPILER_APPICON_NAME = AppIcon;
				ASSETCATALOG_COMPILER_GLOBAL_ACCENT_COLOR_NAME = AccentColor;
				CODE_SIGN_STYLE = Manual;
				DEVELOPMENT_TEAM = "";
				INFOPLIST_FILE = YMKTest2/Info.plist;
				LD_RUNPATH_SEARCH_PATHS = (
					"$(inherited)",
					"@executable_path/Frameworks",
				);
				OTHER_LDFLAGS = (
					"-ObjC",
					"-lsqlite3.0",
				);
				PRODUCT_BUNDLE_IDENTIFIER = ru.m2.squaremeter;
				PRODUCT_NAME = "$(TARGET_NAME)";
				PROVISIONING_PROFILE_SPECIFIER = "";
				SWIFT_VERSION = 5.0;
				TARGETED_DEVICE_FAMILY = "1,2";
			};
			name = Release;
		};
/* End XCBuildConfiguration section */

/* Begin XCConfigurationList section */
		630F35E9265BD2DF00E89676 /* Build configuration list for PBXProject "YMKTest2" */ = {
			isa = XCConfigurationList;
			buildConfigurations = (
				630F3600265BD2E000E89676 /* Debug */,
				630F3601265BD2E000E89676 /* Release */,
			);
			defaultConfigurationIsVisible = 0;
			defaultConfigurationName = Release;
		};
		630F3602265BD2E000E89676 /* Build configuration list for PBXNativeTarget "YMKTest2" */ = {
			isa = XCConfigurationList;
			buildConfigurations = (
				630F3603265BD2E000E89676 /* Debug */,
				630F3604265BD2E000E89676 /* Release */,
			);
			defaultConfigurationIsVisible = 0;
			defaultConfigurationName = Release;
		};
/* End XCConfigurationList section */

/* Begin XCSwiftPackageProductDependency section */
		6386FA2D265BDD52002A933C /* YandexMaps */ = {
			isa = XCSwiftPackageProductDependency;
			productName = YandexMaps;
		};
/* End XCSwiftPackageProductDependency section */
	};
	rootObject = 630F35E6265BD2DF00E89676 /* Project object */;
}
